# This file is automatically @generated by Cargo.
# It is not intended for manual editing.
version = 3

[[package]]
name = "proc-macro2"
version = "1.0.73"
source = "registry+https://github.com/rust-lang/crates.io-index"
checksum = "2dd5e8a1f1029c43224ad5898e50140c2aebb1705f19e67c918ebf5b9e797fe1"
dependencies = [
 "unicode-ident",
]

[[package]]
name = "quote"
version = "1.0.34"
source = "registry+https://github.com/rust-lang/crates.io-index"
checksum = "22a37c9326af5ed140c86a46655b5278de879853be5573c01df185b6f49a580a"
dependencies = [
 "proc-macro2",
]

[[package]]
name = "roxido"
version = "0.6.0"
dependencies = [
 "roxido_macro",
]

[[package]]
name = "roxido_macro"
version = "0.6.0"
dependencies = [
 "quote",
 "syn",
]

[[package]]
name = "rust"
version = "0.1.0"
dependencies = [
 "roxido",
]

[[package]]
name = "syn"
version = "2.0.44"
source = "registry+https://github.com/rust-lang/crates.io-index"
checksum = "92d27c2c202598d05175a6dd3af46824b7f747f8d8e9b14c623f19fa5069735d"
dependencies = [
 "proc-macro2",
 "quote",
 "unicode-ident",
]

[[package]]
name = "unicode-ident"
version = "1.0.12"
source = "registry+https://github.com/rust-lang/crates.io-index"
checksum = "3354b9ac3fae1ff6755cb6db53683adb661634f67557942dea4facebec0fee4b"
